
Microsoft Visual Studio Solution File, Format Version 12.00
# Visual Studio Version 17
VisualStudioVersion = 17.1.32421.90
MinimumVisualStudioVersion = 10.0.40219.1
Project("{FAE04EC0-301F-11D3-BF4B-00C04F79EFBC}") = "CCFrieze", "CCFrieze.csproj", "{1D2DA5E5-4B1D-4683-9F8B-BAA5B8FCE119}"
EndProject
Global
	GlobalSection(SolutionConfigurationPlatforms) = preSolution
		Debug|Any CPU = Debug|Any CPU
		Release|Any CPU = Release|Any CPU
	EndGlobalSection
	GlobalSection(ProjectConfigurationPlatforms) = postSolution
		{1D2DA5E5-4B1D-4683-9F8B-BAA5B8FCE119}.Debug|Any CPU.ActiveCfg = Debug|Any CPU
		{1D2DA5E5-4B1D-4683-9F8B-BAA5B8FCE119}.Debug|Any CPU.Build.0 = Debug|Any CPU
		{1D2DA5E5-4B1D-4683-9F8B-BAA5B8FCE119}.Release|Any CPU.ActiveCfg = Release|Any CPU
		{1D2DA5E5-4B1D-4683-9F8B-BAA5B8FCE119}.Release|Any CPU.Build.0 = Release|Any CPU
	EndGlobalSection
	GlobalSection(SolutionProperties) = preSolution
		HideSolutionNode = FALSE
	EndGlobalSection
	GlobalSection(ExtensibilityGlobals) = postSolution
		SolutionGuid = {0BDD23CB-5A91-41CA-AA5A-08BEB2B43C53}
	EndGlobalSection
EndGlobal
